
Microsoft Visual Studio Solution File, Format Version 12.00
# Visual Studio Version 17
VisualStudioVersion = 17.0.31912.275
MinimumVisualStudioVersion = 10.0.40219.1
Project("{FAE04EC0-301F-11D3-BF4B-00C04F79EFBC}") = "3form", "3form\3form.csproj", "{9BFA5FAF-5A3C-4EED-8097-447320856038}"
EndProject
Global
	GlobalSection(SolutionConfigurationPlatforms) = preSolution
		Debug|Any CPU = Debug|Any CPU
		Release|Any CPU = Release|Any CPU
	EndGlobalSection
	GlobalSection(ProjectConfigurationPlatforms) = postSolution
		{9BFA5FAF-5A3C-4EED-8097-447320856038}.Debug|Any CPU.ActiveCfg = Debug|Any CPU
		{9BFA5FAF-5A3C-4EED-8097-447320856038}.Debug|Any CPU.Build.0 = Debug|Any CPU
		{9BFA5FAF-5A3C-4EED-8097-447320856038}.Release|Any CPU.ActiveCfg = Release|Any CPU
		{9BFA5FAF-5A3C-4EED-8097-447320856038}.Release|Any CPU.Build.0 = Release|Any CPU
	EndGlobalSection
	GlobalSection(SolutionProperties) = preSolution
		HideSolutionNode = FALSE
	EndGlobalSection
	GlobalSection(ExtensibilityGlobals) = postSolution
		SolutionGuid = {570EF04D-9FD8-4D40-AF2B-E2CE8FAC8330}
	EndGlobalSection
EndGlobal
